
Microsoft Visual Studio Solution File, Format Version 12.00
# Visual Studio Version 17
VisualStudioVersion = 17.8.34511.84
MinimumVisualStudioVersion = 10.0.40219.1
Project("{9A19103F-16F7-4668-BE54-9A1E7A4F7556}") = "FlapKap-TechnicalChallenge", "FlapKap-TechnicalChallenge\FlapKap-TechnicalChallenge.csproj", "{2CC2BBAA-9E01-44C1-B952-E66E13FAB909}"
EndProject
Project("{9A19103F-16F7-4668-BE54-9A1E7A4F7556}") = "DAL", "DAL\DAL.csproj", "{93480B8E-36DE-4539-A747-5A0F6DEA7F56}"
EndProject
Project("{9A19103F-16F7-4668-BE54-9A1E7A4F7556}") = "BLL", "BAL\BLL.csproj", "{5301FBD4-C7B6-485C-B4E8-BE32EA72EBA2}"
EndProject
Global
	GlobalSection(SolutionConfigurationPlatforms) = preSolution
		Debug|Any CPU = Debug|Any CPU
		Release|Any CPU = Release|Any CPU
	EndGlobalSection
	GlobalSection(ProjectConfigurationPlatforms) = postSolution
		{2CC2BBAA-9E01-44C1-B952-E66E13FAB909}.Debug|Any CPU.ActiveCfg = Debug|Any CPU
		{2CC2BBAA-9E01-44C1-B952-E66E13FAB909}.Debug|Any CPU.Build.0 = Debug|Any CPU
		{2CC2BBAA-9E01-44C1-B952-E66E13FAB909}.Release|Any CPU.ActiveCfg = Release|Any CPU
		{2CC2BBAA-9E01-44C1-B952-E66E13FAB909}.Release|Any CPU.Build.0 = Release|Any CPU
		{93480B8E-36DE-4539-A747-5A0F6DEA7F56}.Debug|Any CPU.ActiveCfg = Debug|Any CPU
		{93480B8E-36DE-4539-A747-5A0F6DEA7F56}.Debug|Any CPU.Build.0 = Debug|Any CPU
		{93480B8E-36DE-4539-A747-5A0F6DEA7F56}.Release|Any CPU.ActiveCfg = Release|Any CPU
		{93480B8E-36DE-4539-A747-5A0F6DEA7F56}.Release|Any CPU.Build.0 = Release|Any CPU
		{5301FBD4-C7B6-485C-B4E8-BE32EA72EBA2}.Debug|Any CPU.ActiveCfg = Debug|Any CPU
		{5301FBD4-C7B6-485C-B4E8-BE32EA72EBA2}.Debug|Any CPU.Build.0 = Debug|Any CPU
		{5301FBD4-C7B6-485C-B4E8-BE32EA72EBA2}.Release|Any CPU.ActiveCfg = Release|Any CPU
		{5301FBD4-C7B6-485C-B4E8-BE32EA72EBA2}.Release|Any CPU.Build.0 = Release|Any CPU
	EndGlobalSection
	GlobalSection(SolutionProperties) = preSolution
		HideSolutionNode = FALSE
	EndGlobalSection
	GlobalSection(ExtensibilityGlobals) = postSolution
		SolutionGuid = {EECCC93F-2FDD-4CCF-A56D-E6557F4EC027}
	EndGlobalSection
EndGlobal
